
Microsoft Visual Studio Solution File, Format Version 12.00
# Visual Studio Version 17
VisualStudioVersion = 17.4.33205.214
MinimumVisualStudioVersion = 10.0.40219.1
Project("{888888A0-9F3D-457C-B088-3A5042F75D52}") = "kontroll töö", "kontroll töö\kontroll töö.pyproj", "{E085B2D9-EAD0-44E5-A71C-F78EFB251E13}"
EndProject
Global
	GlobalSection(SolutionConfigurationPlatforms) = preSolution
		Debug|Any CPU = Debug|Any CPU
		Release|Any CPU = Release|Any CPU
	EndGlobalSection
	GlobalSection(ProjectConfigurationPlatforms) = postSolution
		{E085B2D9-EAD0-44E5-A71C-F78EFB251E13}.Debug|Any CPU.ActiveCfg = Debug|Any CPU
		{E085B2D9-EAD0-44E5-A71C-F78EFB251E13}.Release|Any CPU.ActiveCfg = Release|Any CPU
	EndGlobalSection
	GlobalSection(SolutionProperties) = preSolution
		HideSolutionNode = FALSE
	EndGlobalSection
	GlobalSection(ExtensibilityGlobals) = postSolution
		SolutionGuid = {C16FB1D3-E7A2-48D1-BC8F-B716F2A825A4}
	EndGlobalSection
EndGlobal
